
Microsoft Visual Studio Solution File, Format Version 12.00
# Visual Studio Version 17
VisualStudioVersion = 17.6.33829.357
MinimumVisualStudioVersion = 10.0.40219.1
Project("{9A19103F-16F7-4668-BE54-9A1E7A4F7556}") = "Template", "Template\Template.csproj", "{C89828F8-9589-4AE9-AFDA-16BD2042021E}"
EndProject
Project("{2150E333-8FDC-42A3-9474-1A3956D46DE8}") = "1-Web", "1-Web", "{ABEC9027-7221-4216-A42C-2AAE935ABEAD}"
EndProject
Project("{2150E333-8FDC-42A3-9474-1A3956D46DE8}") = "2-Application", "2-Application", "{91F3C769-3F6E-4362-ACBF-C5D167C4A8B2}"
EndProject
Project("{2150E333-8FDC-42A3-9474-1A3956D46DE8}") = "3-Domain", "3-Domain", "{C8F1A42C-AD37-4591-AF9A-18953957864A}"
EndProject
Project("{2150E333-8FDC-42A3-9474-1A3956D46DE8}") = "4-Infra", "4-Infra", "{0F80951F-D126-44D4-804C-63A1874C3130}"
EndProject
Project("{FAE04EC0-301F-11D3-BF4B-00C04F79EFBC}") = "Template.Application", "Template.Application\Template.Application.csproj", "{65B6D346-4711-4AA8-9158-C86DC110C229}"
EndProject
Project("{FAE04EC0-301F-11D3-BF4B-00C04F79EFBC}") = "Template.Domain", "Template.Domain\Template.Domain.csproj", "{CF973B30-09B3-42E1-A716-8DF15C808AE5}"
EndProject
Project("{2150E333-8FDC-42A3-9474-1A3956D46DE8}") = "4.2-CrossCutting", "4.2-CrossCutting", "{C995A3A1-288D-4BBC-8E0D-D3C5190552F6}"
EndProject
Project("{2150E333-8FDC-42A3-9474-1A3956D46DE8}") = "4.1-Data", "4.1-Data", "{A0B99ECD-0742-4D91-AF88-581699F5ABEE}"
EndProject
Project("{FAE04EC0-301F-11D3-BF4B-00C04F79EFBC}") = "Template.Data", "Template.Data\Template.Data.csproj", "{1CC98E8C-5EDC-433D-BC50-7737A24A8395}"
EndProject
Global
	GlobalSection(SolutionConfigurationPlatforms) = preSolution
		Debug|Any CPU = Debug|Any CPU
		Release|Any CPU = Release|Any CPU
	EndGlobalSection
	GlobalSection(ProjectConfigurationPlatforms) = postSolution
		{C89828F8-9589-4AE9-AFDA-16BD2042021E}.Debug|Any CPU.ActiveCfg = Debug|Any CPU
		{C89828F8-9589-4AE9-AFDA-16BD2042021E}.Debug|Any CPU.Build.0 = Debug|Any CPU
		{C89828F8-9589-4AE9-AFDA-16BD2042021E}.Release|Any CPU.ActiveCfg = Release|Any CPU
		{C89828F8-9589-4AE9-AFDA-16BD2042021E}.Release|Any CPU.Build.0 = Release|Any CPU
		{65B6D346-4711-4AA8-9158-C86DC110C229}.Debug|Any CPU.ActiveCfg = Debug|Any CPU
		{65B6D346-4711-4AA8-9158-C86DC110C229}.Debug|Any CPU.Build.0 = Debug|Any CPU
		{65B6D346-4711-4AA8-9158-C86DC110C229}.Release|Any CPU.ActiveCfg = Release|Any CPU
		{65B6D346-4711-4AA8-9158-C86DC110C229}.Release|Any CPU.Build.0 = Release|Any CPU
		{CF973B30-09B3-42E1-A716-8DF15C808AE5}.Debug|Any CPU.ActiveCfg = Debug|Any CPU
		{CF973B30-09B3-42E1-A716-8DF15C808AE5}.Debug|Any CPU.Build.0 = Debug|Any CPU
		{CF973B30-09B3-42E1-A716-8DF15C808AE5}.Release|Any CPU.ActiveCfg = Release|Any CPU
		{CF973B30-09B3-42E1-A716-8DF15C808AE5}.Release|Any CPU.Build.0 = Release|Any CPU
		{1CC98E8C-5EDC-433D-BC50-7737A24A8395}.Debug|Any CPU.ActiveCfg = Debug|Any CPU
		{1CC98E8C-5EDC-433D-BC50-7737A24A8395}.Debug|Any CPU.Build.0 = Debug|Any CPU
		{1CC98E8C-5EDC-433D-BC50-7737A24A8395}.Release|Any CPU.ActiveCfg = Release|Any CPU
		{1CC98E8C-5EDC-433D-BC50-7737A24A8395}.Release|Any CPU.Build.0 = Release|Any CPU
	EndGlobalSection
	GlobalSection(SolutionProperties) = preSolution
		HideSolutionNode = FALSE
	EndGlobalSection
	GlobalSection(NestedProjects) = preSolution
		{C89828F8-9589-4AE9-AFDA-16BD2042021E} = {ABEC9027-7221-4216-A42C-2AAE935ABEAD}
		{65B6D346-4711-4AA8-9158-C86DC110C229} = {91F3C769-3F6E-4362-ACBF-C5D167C4A8B2}
		{CF973B30-09B3-42E1-A716-8DF15C808AE5} = {C8F1A42C-AD37-4591-AF9A-18953957864A}
		{C995A3A1-288D-4BBC-8E0D-D3C5190552F6} = {0F80951F-D126-44D4-804C-63A1874C3130}
		{A0B99ECD-0742-4D91-AF88-581699F5ABEE} = {0F80951F-D126-44D4-804C-63A1874C3130}
		{1CC98E8C-5EDC-433D-BC50-7737A24A8395} = {A0B99ECD-0742-4D91-AF88-581699F5ABEE}
	EndGlobalSection
	GlobalSection(ExtensibilityGlobals) = postSolution
		SolutionGuid = {638B3FCD-CE00-449F-A771-DB2268DEC811}
	EndGlobalSection
EndGlobal
